<?xml version="1.0" encoding="utf-8"?>
<Project ToolsVersion="4.0" xmlns="http://schemas.microsoft.com/developer/msbuild/2003">
  <ItemGroup>
    <Filter Include="config">
      <UniqueIdentifier>{79D3FA2A-2FD5-4D44-9471-AE6D89BEE958}</UniqueIdentifier>
    </Filter>
    <Filter Include="core">
      <UniqueIdentifier>{6FB4D3E0-8F53-4A38-A9D0-4FB95D663A7A}</UniqueIdentifier>
    </Filter>
    <Filter Include="hooks">
      <UniqueIdentifier>{5FB9C90B-5F3F-42D9-B86A-F4DCE54C2032}</UniqueIdentifier>
    </Filter>
    <Filter Include="hooks\font_engines">
      <UniqueIdentifier>{31A172E3-04A5-4564-932E-4E465C4F0E8D}</UniqueIdentifier>
    </Filter>
    <Filter Include="entry">
      <UniqueIdentifier>{E7866E44-9A80-4CFD-8A1A-D1A4A8D3C05A}</UniqueIdentifier>
    </Filter>
    <Filter Include="entry\proxy">
      <UniqueIdentifier>{B91CFF54-47F7-4E34-A68C-17CBA6313B30}</UniqueIdentifier>
    </Filter>
  </ItemGroup>
  <ItemGroup>
    <ClCompile Include="config\config_manager.cpp">
      <Filter>config</Filter>
    </ClCompile>
    <ClCompile Include="core\hook_manager.cpp">
      <Filter>core</Filter>
    </ClCompile>
    <ClCompile Include="entry\dllmain.cpp">
      <Filter>entry</Filter>
    </ClCompile>
    <ClCompile Include="hooks\binary_patch_1337.cpp">
      <Filter>hooks</Filter>
    </ClCompile>
    <ClCompile Include="hooks\font_engines\engine_compat.cpp">
      <Filter>hooks\font_engines</Filter>
    </ClCompile>
    <ClCompile Include="hooks\font_engines\engine_compat_artemis.cpp">
      <Filter>hooks\font_engines</Filter>
    </ClCompile>
    <ClCompile Include="hooks\font_engines\engine_compat_artemis_legacy.cpp">
      <Filter>hooks\font_engines</Filter>
    </ClCompile>
    <ClCompile Include="hooks\font_engines\engine_compat_detect.cpp">
      <Filter>hooks\font_engines</Filter>
    </ClCompile>
    <ClCompile Include="hooks\font_engines\engine_compat_dxlib.cpp">
      <Filter>hooks\font_engines</Filter>
    </ClCompile>
    <ClCompile Include="hooks\font_engines\engine_compat_escude.cpp">
      <Filter>hooks\font_engines</Filter>
    </ClCompile>
    <ClCompile Include="hooks\font_engines\engine_compat_file.cpp">
      <Filter>hooks\font_engines</Filter>
    </ClCompile>
    <ClCompile Include="hooks\font_engines\engine_compat_krkr.cpp">
      <Filter>hooks\font_engines</Filter>
    </ClCompile>
    <ClCompile Include="hooks\font_engines\engine_compat_majiro.cpp">
      <Filter>hooks\font_engines</Filter>
    </ClCompile>
    <ClCompile Include="hooks\font_engines\engine_compat_mirai.cpp">
      <Filter>hooks\font_engines</Filter>
    </ClCompile>
    <ClCompile Include="hooks\font_engines\engine_compat_softpal.cpp">
      <Filter>hooks\font_engines</Filter>
    </ClCompile>
    <ClCompile Include="hooks\font_engines\font_hook_policy.cpp">
      <Filter>hooks\font_engines</Filter>
    </ClCompile>
    <ClCompile Include="hooks\hook_modules.cpp">
      <Filter>hooks</Filter>
    </ClCompile>
    <ClCompile Include="hooks\alice_system3x_hooks.cpp">
      <Filter>hooks</Filter>
    </ClCompile>
    <ClCompile Include="hooks\krkr_plugin_bridge.cpp">
      <Filter>hooks</Filter>
    </ClCompile>
    <ClCompile Include="hooks\rio_shiina_hooks.cpp">
      <Filter>hooks</Filter>
    </ClCompile>
    <ClCompile Include="entry\proxy\version_proxy.cpp">
      <Filter>entry\proxy</Filter>
    </ClCompile>
    <ClCompile Include="entry\proxy\winmm_proxy.cpp">
      <Filter>entry\proxy</Filter>
    </ClCompile>
  </ItemGroup>
  <ItemGroup>
    <ClInclude Include="config\config_manager.h">
      <Filter>config</Filter>
    </ClInclude>
    <ClInclude Include="config\config_source.h">
      <Filter>config</Filter>
    </ClInclude>
    <ClInclude Include="config\settings.h">
      <Filter>config</Filter>
    </ClInclude>
    <ClInclude Include="core\hook_manager.h">
      <Filter>core</Filter>
    </ClInclude>
    <ClInclude Include="hooks\binary_patch_1337.h">
      <Filter>hooks</Filter>
    </ClInclude>
    <ClInclude Include="hooks\font_engines\engine_compat.h">
      <Filter>hooks\font_engines</Filter>
    </ClInclude>
    <ClInclude Include="hooks\font_engines\engine_compat_file.h">
      <Filter>hooks\font_engines</Filter>
    </ClInclude>
    <ClInclude Include="hooks\font_engines\font_hook_policy.h">
      <Filter>hooks\font_engines</Filter>
    </ClInclude>
    <ClInclude Include="hooks\hook_modules.h">
      <Filter>hooks</Filter>
    </ClInclude>
    <ClInclude Include="hooks\alice_system3x_hooks.h">
      <Filter>hooks</Filter>
    </ClInclude>
    <ClInclude Include="hooks\krkr_plugin_bridge.h">
      <Filter>hooks</Filter>
    </ClInclude>
    <ClInclude Include="hooks\rio_shiina_hooks.h">
      <Filter>hooks</Filter>
    </ClInclude>
    <ClInclude Include="entry\proxy\version_proxy.h">
      <Filter>entry\proxy</Filter>
    </ClInclude>
  </ItemGroup>
  <ItemGroup>
    <MASM Include="entry\proxy\winmm_proxy_x64.asm">
      <Filter>entry\proxy</Filter>
    </MASM>
  </ItemGroup>
  <ItemGroup>
    <None Include="config\CialloHook.ini">
      <Filter>config</Filter>
    </None>
    <None Include="config\CialloHook_Example.ini">
      <Filter>config</Filter>
    </None>
    <None Include="entry\proxy\exports_x86.def">
      <Filter>entry\proxy</Filter>
    </None>
    <None Include="entry\proxy\exports_x64.def">
      <Filter>entry\proxy</Filter>
    </None>
  </ItemGroup>
</Project>
